// !$*UTF8*$!
{
	archiveVersion = 1;
	classes = {
	};
	objectVersion = 46;
	objects = {

/* Begin PBXBuildFile section */
		DB189F901DE545CC0048743E /* cache.cc in Sources */ = {isa = PBXBuildFile; fileRef = DB189F891DE545CC0048743E /* cache.cc */; };
		DB189F911DE545CC0048743E /* main.cc in Sources */ = {isa = PBXBuildFile; fileRef = DB189F8C1DE545CC0048743E /* main.cc */; };
		DB189F921DE545CC0048743E /* memory.cc in Sources */ = {isa = PBXBuildFile; fileRef = DB189F8D1DE545CC0048743E /* memory.cc */; };
/* End PBXBuildFile section */

/* Begin PBXCopyFilesBuildPhase section */
		DB189F7D1DE5458B0048743E /* CopyFiles */ = {
			isa = PBXCopyFilesBuildPhase;
			buildActionMask = 2147483647;
			dstPath = /usr/share/man/man1/;
			dstSubfolderSpec = 0;
			files = (
			);
			runOnlyForDeploymentPostprocessing = 1;
		};
/* End PBXCopyFilesBuildPhase section */

/* Begin PBXFileReference section */
		DB189F7F1DE5458B0048743E /* CacheLab */ = {isa = PBXFileReference; explicitFileType = "compiled.mach-o.executable"; includeInIndex = 0; path = CacheLab; sourceTree = BUILT_PRODUCTS_DIR; };
		DB189F891DE545CC0048743E /* cache.cc */ = {isa = PBXFileReference; fileEncoding = 4; lastKnownFileType = sourcecode.cpp.cpp; path = cache.cc; sourceTree = "<group>"; };
		DB189F8A1DE545CC0048743E /* cache.h */ = {isa = PBXFileReference; fileEncoding = 4; lastKnownFileType = sourcecode.c.h; path = cache.h; sourceTree = "<group>"; tabWidth = 4; };
		DB189F8B1DE545CC0048743E /* def.h */ = {isa = PBXFileReference; fileEncoding = 4; lastKnownFileType = sourcecode.c.h; path = def.h; sourceTree = "<group>"; };
		DB189F8C1DE545CC0048743E /* main.cc */ = {isa = PBXFileReference; fileEncoding = 4; lastKnownFileType = sourcecode.cpp.cpp; path = main.cc; sourceTree = "<group>"; };
		DB189F8D1DE545CC0048743E /* memory.cc */ = {isa = PBXFileReference; fileEncoding = 4; lastKnownFileType = sourcecode.cpp.cpp; path = memory.cc; sourceTree = "<group>"; };
		DB189F8E1DE545CC0048743E /* memory.h */ = {isa = PBXFileReference; fileEncoding = 4; lastKnownFileType = sourcecode.c.h; path = memory.h; sourceTree = "<group>"; };
		DB189F8F1DE545CC0048743E /* storage.h */ = {isa = PBXFileReference; fileEncoding = 4; lastKnownFileType = sourcecode.c.h; path = storage.h; sourceTree = "<group>"; };
/* End PBXFileReference section */

/* Begin PBXFrameworksBuildPhase section */
		DB189F7C1DE5458B0048743E /* Frameworks */ = {
			isa = PBXFrameworksBuildPhase;
			buildActionMask = 2147483647;
			files = (
			);
			runOnlyForDeploymentPostprocessing = 0;
		};
/* End PBXFrameworksBuildPhase section */

/* Begin PBXGroup section */
		DB189F761DE5458A0048743E = {
			isa = PBXGroup;
			children = (
				DB189F811DE5458B0048743E /* CacheLab */,
				DB189F801DE5458B0048743E /* Products */,
			);
			sourceTree = "<group>";
		};
		DB189F801DE5458B0048743E /* Products */ = {
			isa = PBXGroup;
			children = (
				DB189F7F1DE5458B0048743E /* CacheLab */,
			);
			name = Products;
			sourceTree = "<group>";
		};
		DB189F811DE5458B0048743E /* CacheLab */ = {
			isa = PBXGroup;
			children = (
				DB189F891DE545CC0048743E /* cache.cc */,
				DB189F8A1DE545CC0048743E /* cache.h */,
				DB189F8B1DE545CC0048743E /* def.h */,
				DB189F8C1DE545CC0048743E /* main.cc */,
				DB189F8D1DE545CC0048743E /* memory.cc */,
				DB189F8E1DE545CC0048743E /* memory.h */,
				DB189F8F1DE545CC0048743E /* storage.h */,
			);
			path = CacheLab;
			sourceTree = "<group>";
		};
/* End PBXGroup section */

/* Begin PBXNativeTarget section */
		DB189F7E1DE5458B0048743E /* CacheLab */ = {
			isa = PBXNativeTarget;
			buildConfigurationList = DB189F861DE5458B0048743E /* Build configuration list for PBXNativeTarget "CacheLab" */;
			buildPhases = (
				DB189F7B1DE5458B0048743E /* Sources */,
				DB189F7C1DE5458B0048743E /* Frameworks */,
				DB189F7D1DE5458B0048743E /* CopyFiles */,
			);
			buildRules = (
			);
			dependencies = (
			);
			name = CacheLab;
			productName = CacheLab;
			productReference = DB189F7F1DE5458B0048743E /* CacheLab */;
			productType = "com.apple.product-type.tool";
		};
/* End PBXNativeTarget section */

/* Begin PBXProject section */
		DB189F771DE5458A0048743E /* Project object */ = {
			isa = PBXProject;
			attributes = {
				LastUpgradeCheck = 0810;
				ORGANIZATIONNAME = "Nancy Fan";
				TargetAttributes = {
					DB189F7E1DE5458B0048743E = {
						CreatedOnToolsVersion = 8.1;
						ProvisioningStyle = Automatic;
					};
				};
			};
			buildConfigurationList = DB189F7A1DE5458A0048743E /* Build configuration list for PBXProject "CacheLab" */;
			compatibilityVersion = "Xcode 3.2";
			developmentRegion = English;
			hasScannedForEncodings = 0;
			knownRegions = (
				en,
			);
			mainGroup = DB189F761DE5458A0048743E;
			productRefGroup = DB189F801DE5458B0048743E /* Products */;
			projectDirPath = "";
			projectRoot = "";
			targets = (
				DB189F7E1DE5458B0048743E /* CacheLab */,
			);
		};
/* End PBXProject section */

/* Begin PBXSourcesBuildPhase section */
		DB189F7B1DE5458B0048743E /* Sources */ = {
			isa = PBXSourcesBuildPhase;
			buildActionMask = 2147483647;
			files = (
				DB189F911DE545CC0048743E /* main.cc in Sources */,
				DB189F901DE545CC0048743E /* cache.cc in Sources */,
				DB189F921DE545CC0048743E /* memory.cc in Sources */,
			);
			runOnlyForDeploymentPostprocessing = 0;
		};
/* End PBXSourcesBuildPhase section */

/* Begin XCBuildConfiguration section */
		DB189F841DE5458B0048743E /* Debug */ = {
			isa = XCBuildConfiguration;
			buildSettings = {
				ALWAYS_SEARCH_USER_PATHS = NO;
				CLANG_ANALYZER_NONNULL = YES;
				CLANG_CXX_LANGUAGE_STANDARD = "gnu++0x";
				CLANG_CXX_LIBRARY = "libc++";
				CLANG_ENABLE_MODULES = YES;
				CLANG_ENABLE_OBJC_ARC = YES;
				CLANG_WARN_BOOL_CONVERSION = YES;
				CLANG_WARN_CONSTANT_CONVERSION = YES;
				CLANG_WARN_DIRECT_OBJC_ISA_USAGE = YES_ERROR;
				CLANG_WARN_DOCUMENTATION_COMMENTS = YES;
				CLANG_WARN_EMPTY_BODY = YES;
				CLANG_WARN_ENUM_CONVERSION = YES;
				CLANG_WARN_INFINITE_RECURSION = YES;
				CLANG_WARN_INT_CONVERSION = YES;
				CLANG_WARN_OBJC_ROOT_CLASS = YES_ERROR;
				CLANG_WARN_SUSPICIOUS_MOVES = YES;
				CLANG_WARN_UNREACHABLE_CODE = YES;
				CLANG_WARN__DUPLICATE_METHOD_MATCH = YES;
				CODE_SIGN_IDENTITY = "-";
				COPY_PHASE_STRIP = NO;
				DEBUG_INFORMATION_FORMAT = dwarf;
				ENABLE_STRICT_OBJC_MSGSEND = YES;
				ENABLE_TESTABILITY = YES;
				GCC_C_LANGUAGE_STANDARD = gnu99;
				GCC_DYNAMIC_NO_PIC = NO;
				GCC_NO_COMMON_BLOCKS = YES;
				GCC_OPTIMIZATION_LEVEL = 0;
				GCC_PREPROCESSOR_DEFINITIONS = (
					"DEBUG=1",
					"$(inherited)",
				);
				GCC_WARN_64_TO_32_BIT_CONVERSION = YES;
				GCC_WARN_ABOUT_RETURN_TYPE = YES_ERROR;
				GCC_WARN_UNDECLARED_SELECTOR = YES;
				GCC_WARN_UNINITIALIZED_AUTOS = YES_AGGRESSIVE;
				GCC_WARN_UNUSED_FUNCTION = YES;
				GCC_WARN_UNUSED_VARIABLE = YES;
				MACOSX_DEPLOYMENT_TARGET = 10.11;
				MTL_ENABLE_DEBUG_INFO = YES;
				ONLY_ACTIVE_ARCH = YES;
				SDKROOT = macosx;
			};
			name = Debug;
		};
		DB189F851DE5458B0048743E /* Release */ = {
			isa = XCBuildConfiguration;
			buildSettings = {
				ALWAYS_SEARCH_USER_PATHS = NO;
				CLANG_ANALYZER_NONNULL = YES;
				CLANG_CXX_LANGUAGE_STANDARD = "gnu++0x";
				CLANG_CXX_LIBRARY = "libc++";
				CLANG_ENABLE_MODULES = YES;
				CLANG_ENABLE_OBJC_ARC = YES;
				CLANG_WARN_BOOL_CONVERSION = YES;
				CLANG_WARN_CONSTANT_CONVERSION = YES;
				CLANG_WARN_DIRECT_OBJC_ISA_USAGE = YES_ERROR;
				CLANG_WARN_DOCUMENTATION_COMMENTS = YES;
				CLANG_WARN_EMPTY_BODY = YES;
				CLANG_WARN_ENUM_CONVERSION = YES;
				CLANG_WARN_INFINITE_RECURSION = YES;
				CLANG_WARN_INT_CONVERSION = YES;
				CLANG_WARN_OBJC_ROOT_CLASS = YES_ERROR;
				CLANG_WARN_SUSPICIOUS_MOVES = YES;
				CLANG_WARN_UNREACHABLE_CODE = YES;
				CLANG_WARN__DUPLICATE_METHOD_MATCH = YES;
				CODE_SIGN_IDENTITY = "-";
				COPY_PHASE_STRIP = NO;
				DEBUG_INFORMATION_FORMAT = "dwarf-with-dsym";
				ENABLE_NS_ASSERTIONS = NO;
				ENABLE_STRICT_OBJC_MSGSEND = YES;
				GCC_C_LANGUAGE_STANDARD = gnu99;
				GCC_NO_COMMON_BLOCKS = YES;
				GCC_WARN_64_TO_32_BIT_CONVERSION = YES;
				GCC_WARN_ABOUT_RETURN_TYPE = YES_ERROR;
				GCC_WARN_UNDECLARED_SELECTOR = YES;
				GCC_WARN_UNINITIALIZED_AUTOS = YES_AGGRESSIVE;
				GCC_WARN_UNUSED_FUNCTION = YES;
				GCC_WARN_UNUSED_VARIABLE = YES;
				MACOSX_DEPLOYMENT_TARGET = 10.11;
				MTL_ENABLE_DEBUG_INFO = NO;
				SDKROOT = macosx;
			};
			name = Release;
		};
		DB189F871DE5458B0048743E /* Debug */ = {
			isa = XCBuildConfiguration;
			buildSettings = {
				PRODUCT_NAME = "$(TARGET_NAME)";
			};
			name = Debug;
		};
		DB189F881DE5458B0048743E /* Release */ = {
			isa = XCBuildConfiguration;
			buildSettings = {
				PRODUCT_NAME = "$(TARGET_NAME)";
			};
			name = Release;
		};
/* End XCBuildConfiguration section */

/* Begin XCConfigurationList section */
		DB189F7A1DE5458A0048743E /* Build configuration list for PBXProject "CacheLab" */ = {
			isa = XCConfigurationList;
			buildConfigurations = (
				DB189F841DE5458B0048743E /* Debug */,
				DB189F851DE5458B0048743E /* Release */,
			);
			defaultConfigurationIsVisible = 0;
			defaultConfigurationName = Release;
		};
		DB189F861DE5458B0048743E /* Build configuration list for PBXNativeTarget "CacheLab" */ = {
			isa = XCConfigurationList;
			buildConfigurations = (
				DB189F871DE5458B0048743E /* Debug */,
				DB189F881DE5458B0048743E /* Release */,
			);
			defaultConfigurationIsVisible = 0;
			defaultConfigurationName = Release;
		};
/* End XCConfigurationList section */
	};
	rootObject = DB189F771DE5458A0048743E /* Project object */;
}
